
Microsoft Visual Studio Solution File, Format Version 12.00
# Visual Studio 15
VisualStudioVersion = 15.0.28010.2036
MinimumVisualStudioVersion = 10.0.40219.1
Project("{9A19103F-16F7-4668-BE54-9A1E7A4F7556}") = "OpenGovAlerts", "OpenGovAlerts\OpenGovAlerts.csproj", "{1102EE14-D0D9-4F44-B96E-201F535494C4}"
EndProject
Project("{9A19103F-16F7-4668-BE54-9A1E7A4F7556}") = "Task", "Task\Task.csproj", "{1400F98F-A103-4B77-807C-E02C60CCBFB9}"
EndProject
Project("{9A19103F-16F7-4668-BE54-9A1E7A4F7556}") = "OpenGov", "OpenGov\OpenGov.csproj", "{771CFD59-BC54-4237-8F27-3EF460540967}"
EndProject
Project("{9A19103F-16F7-4668-BE54-9A1E7A4F7556}") = "OpenGovTests", "OpenGovTests\OpenGovTests.csproj", "{8B73B313-69C1-4F78-845E-A65ED7CBDD31}"
EndProject
Project("{FAE04EC0-301F-11D3-BF4B-00C04F79EFBC}") = "OpenGovAlertsTests", "OpenGovAlertsTest\OpenGovAlertsTests.csproj", "{0B394896-3B59-481A-9061-7E957314DF86}"
EndProject
Global
	GlobalSection(SolutionConfigurationPlatforms) = preSolution
		Debug|Any CPU = Debug|Any CPU
		Release|Any CPU = Release|Any CPU
	EndGlobalSection
	GlobalSection(ProjectConfigurationPlatforms) = postSolution
		{1102EE14-D0D9-4F44-B96E-201F535494C4}.Debug|Any CPU.ActiveCfg = Debug|Any CPU
		{1102EE14-D0D9-4F44-B96E-201F535494C4}.Debug|Any CPU.Build.0 = Debug|Any CPU
		{1102EE14-D0D9-4F44-B96E-201F535494C4}.Release|Any CPU.ActiveCfg = Release|Any CPU
		{1102EE14-D0D9-4F44-B96E-201F535494C4}.Release|Any CPU.Build.0 = Release|Any CPU
		{1400F98F-A103-4B77-807C-E02C60CCBFB9}.Debug|Any CPU.ActiveCfg = Debug|Any CPU
		{1400F98F-A103-4B77-807C-E02C60CCBFB9}.Debug|Any CPU.Build.0 = Debug|Any CPU
		{1400F98F-A103-4B77-807C-E02C60CCBFB9}.Release|Any CPU.ActiveCfg = Release|Any CPU
		{1400F98F-A103-4B77-807C-E02C60CCBFB9}.Release|Any CPU.Build.0 = Release|Any CPU
		{771CFD59-BC54-4237-8F27-3EF460540967}.Debug|Any CPU.ActiveCfg = Debug|Any CPU
		{771CFD59-BC54-4237-8F27-3EF460540967}.Debug|Any CPU.Build.0 = Debug|Any CPU
		{771CFD59-BC54-4237-8F27-3EF460540967}.Release|Any CPU.ActiveCfg = Release|Any CPU
		{771CFD59-BC54-4237-8F27-3EF460540967}.Release|Any CPU.Build.0 = Release|Any CPU
		{8B73B313-69C1-4F78-845E-A65ED7CBDD31}.Debug|Any CPU.ActiveCfg = Debug|Any CPU
		{8B73B313-69C1-4F78-845E-A65ED7CBDD31}.Debug|Any CPU.Build.0 = Debug|Any CPU
		{8B73B313-69C1-4F78-845E-A65ED7CBDD31}.Release|Any CPU.ActiveCfg = Release|Any CPU
		{8B73B313-69C1-4F78-845E-A65ED7CBDD31}.Release|Any CPU.Build.0 = Release|Any CPU
		{0B394896-3B59-481A-9061-7E957314DF86}.Debug|Any CPU.ActiveCfg = Debug|Any CPU
		{0B394896-3B59-481A-9061-7E957314DF86}.Debug|Any CPU.Build.0 = Debug|Any CPU
		{0B394896-3B59-481A-9061-7E957314DF86}.Release|Any CPU.ActiveCfg = Release|Any CPU
		{0B394896-3B59-481A-9061-7E957314DF86}.Release|Any CPU.Build.0 = Release|Any CPU
	EndGlobalSection
	GlobalSection(SolutionProperties) = preSolution
		HideSolutionNode = FALSE
	EndGlobalSection
	GlobalSection(ExtensibilityGlobals) = postSolution
		SolutionGuid = {628CD49F-D29A-4254-B659-BD4BD277798C}
	EndGlobalSection
EndGlobal
